
Microsoft Visual Studio Solution File, Format Version 12.00
# Visual Studio Version 16
VisualStudioVersion = 16.0.32126.315
MinimumVisualStudioVersion = 10.0.40219.1
Project("{FAE04EC0-301F-11D3-BF4B-00C04F79EFBC}") = "webApi201", "webApi201\webApi201.csproj", "{C50E8398-9A5A-4EE6-90BB-CD5E39156EDA}"
EndProject
Project("{FAE04EC0-301F-11D3-BF4B-00C04F79EFBC}") = "webApi201UnitTest", "webApi201UnitTest\webApi201UnitTest.csproj", "{FEADF6D7-3475-44EB-8789-7E24B917FF66}"
EndProject
Global
	GlobalSection(SolutionConfigurationPlatforms) = preSolution
		Debug|Any CPU = Debug|Any CPU
		Release|Any CPU = Release|Any CPU
	EndGlobalSection
	GlobalSection(ProjectConfigurationPlatforms) = postSolution
		{C50E8398-9A5A-4EE6-90BB-CD5E39156EDA}.Debug|Any CPU.ActiveCfg = Debug|Any CPU
		{C50E8398-9A5A-4EE6-90BB-CD5E39156EDA}.Debug|Any CPU.Build.0 = Debug|Any CPU
		{C50E8398-9A5A-4EE6-90BB-CD5E39156EDA}.Release|Any CPU.ActiveCfg = Release|Any CPU
		{C50E8398-9A5A-4EE6-90BB-CD5E39156EDA}.Release|Any CPU.Build.0 = Release|Any CPU
		{FEADF6D7-3475-44EB-8789-7E24B917FF66}.Debug|Any CPU.ActiveCfg = Debug|Any CPU
		{FEADF6D7-3475-44EB-8789-7E24B917FF66}.Debug|Any CPU.Build.0 = Debug|Any CPU
		{FEADF6D7-3475-44EB-8789-7E24B917FF66}.Release|Any CPU.ActiveCfg = Release|Any CPU
		{FEADF6D7-3475-44EB-8789-7E24B917FF66}.Release|Any CPU.Build.0 = Release|Any CPU
	EndGlobalSection
	GlobalSection(SolutionProperties) = preSolution
		HideSolutionNode = FALSE
	EndGlobalSection
	GlobalSection(ExtensibilityGlobals) = postSolution
		SolutionGuid = {F118FBC0-C13E-4105-BD04-E2470B3C1FA9}
	EndGlobalSection
EndGlobal
